
Microsoft Visual Studio Solution File, Format Version 12.00
# Visual Studio Version 17
VisualStudioVersion = 17.5.33627.172
MinimumVisualStudioVersion = 10.0.40219.1
Project("{FAE04EC0-301F-11D3-BF4B-00C04F79EFBC}") = "Teste", "Teste\Teste.csproj", "{5D081BC3-D9CE-44FA-A924-B4D69EA726EB}"
EndProject
Global
	GlobalSection(SolutionConfigurationPlatforms) = preSolution
		Debug|Any CPU = Debug|Any CPU
		Release|Any CPU = Release|Any CPU
	EndGlobalSection
	GlobalSection(ProjectConfigurationPlatforms) = postSolution
		{5D081BC3-D9CE-44FA-A924-B4D69EA726EB}.Debug|Any CPU.ActiveCfg = Debug|Any CPU
		{5D081BC3-D9CE-44FA-A924-B4D69EA726EB}.Debug|Any CPU.Build.0 = Debug|Any CPU
		{5D081BC3-D9CE-44FA-A924-B4D69EA726EB}.Release|Any CPU.ActiveCfg = Release|Any CPU
		{5D081BC3-D9CE-44FA-A924-B4D69EA726EB}.Release|Any CPU.Build.0 = Release|Any CPU
	EndGlobalSection
	GlobalSection(SolutionProperties) = preSolution
		HideSolutionNode = FALSE
	EndGlobalSection
	GlobalSection(ExtensibilityGlobals) = postSolution
		SolutionGuid = {756D1A0E-8514-4CB7-8369-19851FD4E2A0}
	EndGlobalSection
EndGlobal
